// !$*UTF8*$!
{
	archiveVersion = 1;
	classes = {
	};
	objectVersion = 52;
	objects = {

/* Begin PBXBuildFile section */
		1F5BDF7E2569A87400D44240 /* transportiosApp.swift in Sources */ = {isa = PBXBuildFile; fileRef = 1F5BDF7D2569A87400D44240 /* transportiosApp.swift */; };
		1F5BDF802569A87400D44240 /* ContentView.swift in Sources */ = {isa = PBXBuildFile; fileRef = 1F5BDF7F2569A87400D44240 /* ContentView.swift */; };
		1F5BDF822569A87500D44240 /* Assets.xcassets in Resources */ = {isa = PBXBuildFile; fileRef = 1F5BDF812569A87500D44240 /* Assets.xcassets */; };
		1F5BDF852569A87500D44240 /* Preview Assets.xcassets in Resources */ = {isa = PBXBuildFile; fileRef = 1F5BDF842569A87500D44240 /* Preview Assets.xcassets */; };
		1F8ABC382569A9E700351224 /* Apollo in Frameworks */ = {isa = PBXBuildFile; productRef = 1F8ABC372569A9E700351224 /* Apollo */; };
		1F8ABC3E2569AAA300351224 /* Query.graphql in Resources */ = {isa = PBXBuildFile; fileRef = 1F8ABC3D2569AAA300351224 /* Query.graphql */; };
		1F8ABC462569AC3C00351224 /* API.swift in Sources */ = {isa = PBXBuildFile; fileRef = 1F8ABC452569AC3C00351224 /* API.swift */; };
		1F8ABC49256A14D500351224 /* Network.swift in Sources */ = {isa = PBXBuildFile; fileRef = 1F8ABC48256A14D500351224 /* Network.swift */; };
		1F8ABC4C256A155400351224 /* NetworkInterceptorProvider.swift in Sources */ = {isa = PBXBuildFile; fileRef = 1F8ABC4B256A155400351224 /* NetworkInterceptorProvider.swift */; };
		1F8ABC4F256A158300351224 /* TokenAddingInterceptor.swift in Sources */ = {isa = PBXBuildFile; fileRef = 1F8ABC4E256A158300351224 /* TokenAddingInterceptor.swift */; };
		1F8ABC52256A17C200351224 /* Alert.swift in Sources */ = {isa = PBXBuildFile; fileRef = 1F8ABC51256A17C200351224 /* Alert.swift */; };
		1F8ABC72256A1B5A00351224 /* Query.swift in Sources */ = {isa = PBXBuildFile; fileRef = 1F8ABC71256A1B5A00351224 /* Query.swift */; };
		1F8ABC75256A204300351224 /* AccountManager.swift in Sources */ = {isa = PBXBuildFile; fileRef = 1F8ABC74256A204300351224 /* AccountManager.swift */; };
		1F8ABC7C256A297900351224 /* Mutation.graphql in Resources */ = {isa = PBXBuildFile; fileRef = 1F8ABC7B256A297900351224 /* Mutation.graphql */; };
		1F8ABC83256AC6C200351224 /* LoginView.swift in Sources */ = {isa = PBXBuildFile; fileRef = 1F8ABC82256AC6C200351224 /* LoginView.swift */; };
		1F8ABC87256B357700351224 /* OperatorPassScannerView.swift in Sources */ = {isa = PBXBuildFile; fileRef = 1F8ABC86256B357700351224 /* OperatorPassScannerView.swift */; };
		1F8ABC8A256B488D00351224 /* OperatorPassScaner.swift in Sources */ = {isa = PBXBuildFile; fileRef = 1F8ABC89256B488D00351224 /* OperatorPassScaner.swift */; };
		1FAEBDB3256B73C60035D991 /* OperatorRoute.swift in Sources */ = {isa = PBXBuildFile; fileRef = 1FAEBDB2256B73C60035D991 /* OperatorRoute.swift */; };
		1FAEBDB7256B7D090035D991 /* Stop.swift in Sources */ = {isa = PBXBuildFile; fileRef = 1FAEBDB6256B7D090035D991 /* Stop.swift */; };
		1FCBD200256D587A0047DB21 /* CodeScanner in Frameworks */ = {isa = PBXBuildFile; productRef = 1FCBD1FF256D587A0047DB21 /* CodeScanner */; };
		1FCBD204256D671A0047DB21 /* CarBode in Frameworks */ = {isa = PBXBuildFile; productRef = 1FCBD203256D671A0047DB21 /* CarBode */; };
		1FCBD207256D67420047DB21 /* ScannerTestView.swift in Sources */ = {isa = PBXBuildFile; fileRef = 1FCBD206256D67420047DB21 /* ScannerTestView.swift */; };
/* End PBXBuildFile section */

/* Begin PBXFileReference section */
		1F5BDF7A2569A87400D44240 /* transportios.app */ = {isa = PBXFileReference; explicitFileType = wrapper.application; includeInIndex = 0; path = transportios.app; sourceTree = BUILT_PRODUCTS_DIR; };
		1F5BDF7D2569A87400D44240 /* transportiosApp.swift */ = {isa = PBXFileReference; lastKnownFileType = sourcecode.swift; path = transportiosApp.swift; sourceTree = "<group>"; };
		1F5BDF7F2569A87400D44240 /* ContentView.swift */ = {isa = PBXFileReference; lastKnownFileType = sourcecode.swift; path = ContentView.swift; sourceTree = "<group>"; };
		1F5BDF812569A87500D44240 /* Assets.xcassets */ = {isa = PBXFileReference; lastKnownFileType = folder.assetcatalog; path = Assets.xcassets; sourceTree = "<group>"; };
		1F5BDF842569A87500D44240 /* Preview Assets.xcassets */ = {isa = PBXFileReference; lastKnownFileType = folder.assetcatalog; path = "Preview Assets.xcassets"; sourceTree = "<group>"; };
		1F5BDF862569A87500D44240 /* Info.plist */ = {isa = PBXFileReference; lastKnownFileType = text.plist.xml; path = Info.plist; sourceTree = "<group>"; };
		1F8ABC3D2569AAA300351224 /* Query.graphql */ = {isa = PBXFileReference; lastKnownFileType = text; path = Query.graphql; sourceTree = "<group>"; };
		1F8ABC452569AC3C00351224 /* API.swift */ = {isa = PBXFileReference; fileEncoding = 4; lastKnownFileType = sourcecode.swift; path = API.swift; sourceTree = "<group>"; };
		1F8ABC48256A14D500351224 /* Network.swift */ = {isa = PBXFileReference; lastKnownFileType = sourcecode.swift; path = Network.swift; sourceTree = "<group>"; };
		1F8ABC4B256A155400351224 /* NetworkInterceptorProvider.swift */ = {isa = PBXFileReference; lastKnownFileType = sourcecode.swift; path = NetworkInterceptorProvider.swift; sourceTree = "<group>"; };
		1F8ABC4E256A158300351224 /* TokenAddingInterceptor.swift */ = {isa = PBXFileReference; lastKnownFileType = sourcecode.swift; path = TokenAddingInterceptor.swift; sourceTree = "<group>"; };
		1F8ABC51256A17C200351224 /* Alert.swift */ = {isa = PBXFileReference; lastKnownFileType = sourcecode.swift; path = Alert.swift; sourceTree = "<group>"; };
		1F8ABC71256A1B5A00351224 /* Query.swift */ = {isa = PBXFileReference; lastKnownFileType = sourcecode.swift; path = Query.swift; sourceTree = "<group>"; };
		1F8ABC74256A204300351224 /* AccountManager.swift */ = {isa = PBXFileReference; lastKnownFileType = sourcecode.swift; path = AccountManager.swift; sourceTree = "<group>"; };
		1F8ABC7B256A297900351224 /* Mutation.graphql */ = {isa = PBXFileReference; lastKnownFileType = text; path = Mutation.graphql; sourceTree = "<group>"; };
		1F8ABC82256AC6C200351224 /* LoginView.swift */ = {isa = PBXFileReference; lastKnownFileType = sourcecode.swift; path = LoginView.swift; sourceTree = "<group>"; };
		1F8ABC86256B357700351224 /* OperatorPassScannerView.swift */ = {isa = PBXFileReference; lastKnownFileType = sourcecode.swift; path = OperatorPassScannerView.swift; sourceTree = "<group>"; };
		1F8ABC89256B488D00351224 /* OperatorPassScaner.swift */ = {isa = PBXFileReference; lastKnownFileType = sourcecode.swift; path = OperatorPassScaner.swift; sourceTree = "<group>"; };
		1FAEBDB2256B73C60035D991 /* OperatorRoute.swift */ = {isa = PBXFileReference; lastKnownFileType = sourcecode.swift; path = OperatorRoute.swift; sourceTree = "<group>"; };
		1FAEBDB6256B7D090035D991 /* Stop.swift */ = {isa = PBXFileReference; lastKnownFileType = sourcecode.swift; path = Stop.swift; sourceTree = "<group>"; };
		1FCBD206256D67420047DB21 /* ScannerTestView.swift */ = {isa = PBXFileReference; lastKnownFileType = sourcecode.swift; path = ScannerTestView.swift; sourceTree = "<group>"; };
/* End PBXFileReference section */

/* Begin PBXFrameworksBuildPhase section */
		1F5BDF772569A87400D44240 /* Frameworks */ = {
			isa = PBXFrameworksBuildPhase;
			buildActionMask = 2147483647;
			files = (
				1FCBD204256D671A0047DB21 /* CarBode in Frameworks */,
				1FCBD200256D587A0047DB21 /* CodeScanner in Frameworks */,
				1F8ABC382569A9E700351224 /* Apollo in Frameworks */,
			);
			runOnlyForDeploymentPostprocessing = 0;
		};
/* End PBXFrameworksBuildPhase section */

/* Begin PBXGroup section */
		1F5BDF712569A87400D44240 = {
			isa = PBXGroup;
			children = (
				1F5BDF7C2569A87400D44240 /* transportios */,
				1F5BDF7B2569A87400D44240 /* Products */,
			);
			sourceTree = "<group>";
		};
		1F5BDF7B2569A87400D44240 /* Products */ = {
			isa = PBXGroup;
			children = (
				1F5BDF7A2569A87400D44240 /* transportios.app */,
			);
			name = Products;
			sourceTree = "<group>";
		};
		1F5BDF7C2569A87400D44240 /* transportios */ = {
			isa = PBXGroup;
			children = (
				1F5BDF7D2569A87400D44240 /* transportiosApp.swift */,
				1F5BDF7F2569A87400D44240 /* ContentView.swift */,
				1FCBD206256D67420047DB21 /* ScannerTestView.swift */,
				1F8ABC86256B357700351224 /* OperatorPassScannerView.swift */,
				1F8ABC89256B488D00351224 /* OperatorPassScaner.swift */,
				1FAEBDB6256B7D090035D991 /* Stop.swift */,
				1F8ABC74256A204300351224 /* AccountManager.swift */,
				1F8ABC82256AC6C200351224 /* LoginView.swift */,
				1F8ABC71256A1B5A00351224 /* Query.swift */,
				1F8ABC452569AC3C00351224 /* API.swift */,
				1F5BDF862569A87500D44240 /* Info.plist */,
				1F8ABC3C2569AA8D00351224 /* GraphQL */,
				1F8ABC7F256A2A2300351224 /* ApolloNet */,
				1F5BDF832569A87500D44240 /* Preview Content */,
				1F5BDF812569A87500D44240 /* Assets.xcassets */,
				1FAEBDB2256B73C60035D991 /* OperatorRoute.swift */,
			);
			path = transportios;
			sourceTree = "<group>";
		};
		1F5BDF832569A87500D44240 /* Preview Content */ = {
			isa = PBXGroup;
			children = (
				1F5BDF842569A87500D44240 /* Preview Assets.xcassets */,
			);
			path = "Preview Content";
			sourceTree = "<group>";
		};
		1F8ABC3C2569AA8D00351224 /* GraphQL */ = {
			isa = PBXGroup;
			children = (
				1F8ABC3D2569AAA300351224 /* Query.graphql */,
				1F8ABC7B256A297900351224 /* Mutation.graphql */,
			);
			path = GraphQL;
			sourceTree = "<group>";
		};
		1F8ABC7F256A2A2300351224 /* ApolloNet */ = {
			isa = PBXGroup;
			children = (
				1F8ABC48256A14D500351224 /* Network.swift */,
				1F8ABC4B256A155400351224 /* NetworkInterceptorProvider.swift */,
				1F8ABC4E256A158300351224 /* TokenAddingInterceptor.swift */,
				1F8ABC51256A17C200351224 /* Alert.swift */,
			);
			path = ApolloNet;
			sourceTree = "<group>";
		};
/* End PBXGroup section */

/* Begin PBXNativeTarget section */
		1F5BDF792569A87400D44240 /* transportios */ = {
			isa = PBXNativeTarget;
			buildConfigurationList = 1F5BDF892569A87500D44240 /* Build configuration list for PBXNativeTarget "transportios" */;
			buildPhases = (
				1F8ABC3A2569AA1D00351224 /* Generate Apollo GraphQL API */,
				1F5BDF762569A87400D44240 /* Sources */,
				1F5BDF772569A87400D44240 /* Frameworks */,
				1F5BDF782569A87400D44240 /* Resources */,
			);
			buildRules = (
			);
			dependencies = (
			);
			name = transportios;
			packageProductDependencies = (
				1F8ABC372569A9E700351224 /* Apollo */,
				1FCBD1FF256D587A0047DB21 /* CodeScanner */,
				1FCBD203256D671A0047DB21 /* CarBode */,
			);
			productName = transportios;
			productReference = 1F5BDF7A2569A87400D44240 /* transportios.app */;
			productType = "com.apple.product-type.application";
		};
/* End PBXNativeTarget section */

/* Begin PBXProject section */
		1F5BDF722569A87400D44240 /* Project object */ = {
			isa = PBXProject;
			attributes = {
				LastSwiftUpdateCheck = 1200;
				LastUpgradeCheck = 1200;
				TargetAttributes = {
					1F5BDF792569A87400D44240 = {
						CreatedOnToolsVersion = 12.0.1;
					};
				};
			};
			buildConfigurationList = 1F5BDF752569A87400D44240 /* Build configuration list for PBXProject "transportios" */;
			compatibilityVersion = "Xcode 9.3";
			developmentRegion = en;
			hasScannedForEncodings = 0;
			knownRegions = (
				en,
				Base,
			);
			mainGroup = 1F5BDF712569A87400D44240;
			packageReferences = (
				1F8ABC362569A9E700351224 /* XCRemoteSwiftPackageReference "apollo-ios" */,
				1FCBD1FE256D587A0047DB21 /* XCRemoteSwiftPackageReference "CodeScanner" */,
				1FCBD202256D671A0047DB21 /* XCRemoteSwiftPackageReference "CarBode-Barcode-Scanner-For-SwiftUI" */,
			);
			productRefGroup = 1F5BDF7B2569A87400D44240 /* Products */;
			projectDirPath = "";
			projectRoot = "";
			targets = (
				1F5BDF792569A87400D44240 /* transportios */,
			);
		};
/* End PBXProject section */

/* Begin PBXResourcesBuildPhase section */
		1F5BDF782569A87400D44240 /* Resources */ = {
			isa = PBXResourcesBuildPhase;
			buildActionMask = 2147483647;
			files = (
				1F5BDF852569A87500D44240 /* Preview Assets.xcassets in Resources */,
				1F8ABC3E2569AAA300351224 /* Query.graphql in Resources */,
				1F8ABC7C256A297900351224 /* Mutation.graphql in Resources */,
				1F5BDF822569A87500D44240 /* Assets.xcassets in Resources */,
			);
			runOnlyForDeploymentPostprocessing = 0;
		};
/* End PBXResourcesBuildPhase section */

/* Begin PBXShellScriptBuildPhase section */
		1F8ABC3A2569AA1D00351224 /* Generate Apollo GraphQL API */ = {
			isa = PBXShellScriptBuildPhase;
			buildActionMask = 2147483647;
			files = (
			);
			inputFileListPaths = (
			);
			inputPaths = (
			);
			name = "Generate Apollo GraphQL API";
			outputFileListPaths = (
			);
			outputPaths = (
			);
			runOnlyForDeploymentPostprocessing = 0;
			shellPath = /bin/sh;
			shellScript = "# Type a script or drag a script file from your workspace to insert its path.\n# Go to the build root and search up the chain to find the Derived Data Path where the source packages are checked out.\nDERIVED_DATA_CANDIDATE=\"${BUILD_ROOT}\"\n\nwhile ! [ -d \"${DERIVED_DATA_CANDIDATE}/SourcePackages\" ]; do\n  if [ \"${DERIVED_DATA_CANDIDATE}\" = / ]; then\n    echo >&2 \"error: Unable to locate SourcePackages directory from BUILD_ROOT: '${BUILD_ROOT}'\"\n    exit 1\n  fi\n\n  DERIVED_DATA_CANDIDATE=\"$(dirname \"${DERIVED_DATA_CANDIDATE}\")\"\ndone\n\n# Grab a reference to the directory where scripts are checked out\nSCRIPT_PATH=\"${DERIVED_DATA_CANDIDATE}/SourcePackages/checkouts/apollo-ios/scripts\"\n\nif [ -z \"${SCRIPT_PATH}\" ]; then\n    echo >&2 \"error: Couldn't find the CLI script in your checked out SPM packages; make sure to add the framework to your project.\"\n    exit 1\nfi\n\ncd \"${SRCROOT}/${TARGET_NAME}\"\n\"${SCRIPT_PATH}\"/run-bundled-codegen.sh codegen:generate --target=swift --includes=./**/*.graphql --localSchemaFile=\"schema.json\" API.swift\n\n";
		};
/* End PBXShellScriptBuildPhase section */

/* Begin PBXSourcesBuildPhase section */
		1F5BDF762569A87400D44240 /* Sources */ = {
			isa = PBXSourcesBuildPhase;
			buildActionMask = 2147483647;
			files = (
				1F5BDF802569A87400D44240 /* ContentView.swift in Sources */,
				1FCBD207256D67420047DB21 /* ScannerTestView.swift in Sources */,
				1F8ABC462569AC3C00351224 /* API.swift in Sources */,
				1F8ABC4F256A158300351224 /* TokenAddingInterceptor.swift in Sources */,
				1F8ABC87256B357700351224 /* OperatorPassScannerView.swift in Sources */,
				1F8ABC4C256A155400351224 /* NetworkInterceptorProvider.swift in Sources */,
				1F8ABC72256A1B5A00351224 /* Query.swift in Sources */,
				1F8ABC75256A204300351224 /* AccountManager.swift in Sources */,
				1FAEBDB7256B7D090035D991 /* Stop.swift in Sources */,
				1F8ABC49256A14D500351224 /* Network.swift in Sources */,
				1FAEBDB3256B73C60035D991 /* OperatorRoute.swift in Sources */,
				1F5BDF7E2569A87400D44240 /* transportiosApp.swift in Sources */,
				1F8ABC83256AC6C200351224 /* LoginView.swift in Sources */,
				1F8ABC8A256B488D00351224 /* OperatorPassScaner.swift in Sources */,
				1F8ABC52256A17C200351224 /* Alert.swift in Sources */,
			);
			runOnlyForDeploymentPostprocessing = 0;
		};
/* End PBXSourcesBuildPhase section */

/* Begin XCBuildConfiguration section */
		1F5BDF872569A87500D44240 /* Debug */ = {
			isa = XCBuildConfiguration;
			buildSettings = {
				ALWAYS_SEARCH_USER_PATHS = NO;
				CLANG_ANALYZER_NONNULL = YES;
				CLANG_ANALYZER_NUMBER_OBJECT_CONVERSION = YES_AGGRESSIVE;
				CLANG_CXX_LANGUAGE_STANDARD = "gnu++14";
				CLANG_CXX_LIBRARY = "libc++";
				CLANG_ENABLE_MODULES = YES;
				CLANG_ENABLE_OBJC_ARC = YES;
				CLANG_ENABLE_OBJC_WEAK = YES;
				CLANG_WARN_BLOCK_CAPTURE_AUTORELEASING = YES;
				CLANG_WARN_BOOL_CONVERSION = YES;
				CLANG_WARN_COMMA = YES;
				CLANG_WARN_CONSTANT_CONVERSION = YES;
				CLANG_WARN_DEPRECATED_OBJC_IMPLEMENTATIONS = YES;
				CLANG_WARN_DIRECT_OBJC_ISA_USAGE = YES_ERROR;
				CLANG_WARN_DOCUMENTATION_COMMENTS = YES;
				CLANG_WARN_EMPTY_BODY = YES;
				CLANG_WARN_ENUM_CONVERSION = YES;
				CLANG_WARN_INFINITE_RECURSION = YES;
				CLANG_WARN_INT_CONVERSION = YES;
				CLANG_WARN_NON_LITERAL_NULL_CONVERSION = YES;
				CLANG_WARN_OBJC_IMPLICIT_RETAIN_SELF = YES;
				CLANG_WARN_OBJC_LITERAL_CONVERSION = YES;
				CLANG_WARN_OBJC_ROOT_CLASS = YES_ERROR;
				CLANG_WARN_QUOTED_INCLUDE_IN_FRAMEWORK_HEADER = YES;
				CLANG_WARN_RANGE_LOOP_ANALYSIS = YES;
				CLANG_WARN_STRICT_PROTOTYPES = YES;
				CLANG_WARN_SUSPICIOUS_MOVE = YES;
				CLANG_WARN_UNGUARDED_AVAILABILITY = YES_AGGRESSIVE;
				CLANG_WARN_UNREACHABLE_CODE = YES;
				CLANG_WARN__DUPLICATE_METHOD_MATCH = YES;
				COPY_PHASE_STRIP = NO;
				DEBUG_INFORMATION_FORMAT = dwarf;
				ENABLE_STRICT_OBJC_MSGSEND = YES;
				ENABLE_TESTABILITY = YES;
				GCC_C_LANGUAGE_STANDARD = gnu11;
				GCC_DYNAMIC_NO_PIC = NO;
				GCC_NO_COMMON_BLOCKS = YES;
				GCC_OPTIMIZATION_LEVEL = 0;
				GCC_PREPROCESSOR_DEFINITIONS = (
					"DEBUG=1",
					"$(inherited)",
				);
				GCC_WARN_64_TO_32_BIT_CONVERSION = YES;
				GCC_WARN_ABOUT_RETURN_TYPE = YES_ERROR;
				GCC_WARN_UNDECLARED_SELECTOR = YES;
				GCC_WARN_UNINITIALIZED_AUTOS = YES_AGGRESSIVE;
				GCC_WARN_UNUSED_FUNCTION = YES;
				GCC_WARN_UNUSED_VARIABLE = YES;
				IPHONEOS_DEPLOYMENT_TARGET = 14.2;
				MTL_ENABLE_DEBUG_INFO = INCLUDE_SOURCE;
				MTL_FAST_MATH = YES;
				ONLY_ACTIVE_ARCH = YES;
				SDKROOT = iphoneos;
				SWIFT_ACTIVE_COMPILATION_CONDITIONS = DEBUG;
				SWIFT_OPTIMIZATION_LEVEL = "-Onone";
			};
			name = Debug;
		};
		1F5BDF882569A87500D44240 /* Release */ = {
			isa = XCBuildConfiguration;
			buildSettings = {
				ALWAYS_SEARCH_USER_PATHS = NO;
				CLANG_ANALYZER_NONNULL = YES;
				CLANG_ANALYZER_NUMBER_OBJECT_CONVERSION = YES_AGGRESSIVE;
				CLANG_CXX_LANGUAGE_STANDARD = "gnu++14";
				CLANG_CXX_LIBRARY = "libc++";
				CLANG_ENABLE_MODULES = YES;
				CLANG_ENABLE_OBJC_ARC = YES;
				CLANG_ENABLE_OBJC_WEAK = YES;
				CLANG_WARN_BLOCK_CAPTURE_AUTORELEASING = YES;
				CLANG_WARN_BOOL_CONVERSION = YES;
				CLANG_WARN_COMMA = YES;
				CLANG_WARN_CONSTANT_CONVERSION = YES;
				CLANG_WARN_DEPRECATED_OBJC_IMPLEMENTATIONS = YES;
				CLANG_WARN_DIRECT_OBJC_ISA_USAGE = YES_ERROR;
				CLANG_WARN_DOCUMENTATION_COMMENTS = YES;
				CLANG_WARN_EMPTY_BODY = YES;
				CLANG_WARN_ENUM_CONVERSION = YES;
				CLANG_WARN_INFINITE_RECURSION = YES;
				CLANG_WARN_INT_CONVERSION = YES;
				CLANG_WARN_NON_LITERAL_NULL_CONVERSION = YES;
				CLANG_WARN_OBJC_IMPLICIT_RETAIN_SELF = YES;
				CLANG_WARN_OBJC_LITERAL_CONVERSION = YES;
				CLANG_WARN_OBJC_ROOT_CLASS = YES_ERROR;
				CLANG_WARN_QUOTED_INCLUDE_IN_FRAMEWORK_HEADER = YES;
				CLANG_WARN_RANGE_LOOP_ANALYSIS = YES;
				CLANG_WARN_STRICT_PROTOTYPES = YES;
				CLANG_WARN_SUSPICIOUS_MOVE = YES;
				CLANG_WARN_UNGUARDED_AVAILABILITY = YES_AGGRESSIVE;
				CLANG_WARN_UNREACHABLE_CODE = YES;
				CLANG_WARN__DUPLICATE_METHOD_MATCH = YES;
				COPY_PHASE_STRIP = NO;
				DEBUG_INFORMATION_FORMAT = "dwarf-with-dsym";
				ENABLE_NS_ASSERTIONS = NO;
				ENABLE_STRICT_OBJC_MSGSEND = YES;
				GCC_C_LANGUAGE_STANDARD = gnu11;
				GCC_NO_COMMON_BLOCKS = YES;
				GCC_WARN_64_TO_32_BIT_CONVERSION = YES;
				GCC_WARN_ABOUT_RETURN_TYPE = YES_ERROR;
				GCC_WARN_UNDECLARED_SELECTOR = YES;
				GCC_WARN_UNINITIALIZED_AUTOS = YES_AGGRESSIVE;
				GCC_WARN_UNUSED_FUNCTION = YES;
				GCC_WARN_UNUSED_VARIABLE = YES;
				IPHONEOS_DEPLOYMENT_TARGET = 14.2;
				MTL_ENABLE_DEBUG_INFO = NO;
				MTL_FAST_MATH = YES;
				SDKROOT = iphoneos;
				SWIFT_COMPILATION_MODE = wholemodule;
				SWIFT_OPTIMIZATION_LEVEL = "-O";
				VALIDATE_PRODUCT = YES;
			};
			name = Release;
		};
		1F5BDF8A2569A87500D44240 /* Debug */ = {
			isa = XCBuildConfiguration;
			buildSettings = {
				ASSETCATALOG_COMPILER_APPICON_NAME = AppIcon;
				ASSETCATALOG_COMPILER_GLOBAL_ACCENT_COLOR_NAME = AccentColor;
				CODE_SIGN_STYLE = Automatic;
				DEVELOPMENT_ASSET_PATHS = "\"transportios/Preview Content\"";
				DEVELOPMENT_TEAM = 36278HUZ5P;
				ENABLE_PREVIEWS = YES;
				INFOPLIST_FILE = transportios/Info.plist;
				IPHONEOS_DEPLOYMENT_TARGET = 14.2;
				LD_RUNPATH_SEARCH_PATHS = (
					"$(inherited)",
					"@executable_path/Frameworks",
				);
				PRODUCT_BUNDLE_IDENTIFIER = COM.BZ.RADESIGNS.BZ.transportios;
				PRODUCT_NAME = "$(TARGET_NAME)";
				SWIFT_VERSION = 5.0;
				TARGETED_DEVICE_FAMILY = "1,2";
			};
			name = Debug;
		};
		1F5BDF8B2569A87500D44240 /* Release */ = {
			isa = XCBuildConfiguration;
			buildSettings = {
				ASSETCATALOG_COMPILER_APPICON_NAME = AppIcon;
				ASSETCATALOG_COMPILER_GLOBAL_ACCENT_COLOR_NAME = AccentColor;
				CODE_SIGN_STYLE = Automatic;
				DEVELOPMENT_ASSET_PATHS = "\"transportios/Preview Content\"";
				DEVELOPMENT_TEAM = 36278HUZ5P;
				ENABLE_PREVIEWS = YES;
				INFOPLIST_FILE = transportios/Info.plist;
				IPHONEOS_DEPLOYMENT_TARGET = 14.2;
				LD_RUNPATH_SEARCH_PATHS = (
					"$(inherited)",
					"@executable_path/Frameworks",
				);
				PRODUCT_BUNDLE_IDENTIFIER = COM.BZ.RADESIGNS.BZ.transportios;
				PRODUCT_NAME = "$(TARGET_NAME)";
				SWIFT_VERSION = 5.0;
				TARGETED_DEVICE_FAMILY = "1,2";
			};
			name = Release;
		};
/* End XCBuildConfiguration section */

/* Begin XCConfigurationList section */
		1F5BDF752569A87400D44240 /* Build configuration list for PBXProject "transportios" */ = {
			isa = XCConfigurationList;
			buildConfigurations = (
				1F5BDF872569A87500D44240 /* Debug */,
				1F5BDF882569A87500D44240 /* Release */,
			);
			defaultConfigurationIsVisible = 0;
			defaultConfigurationName = Release;
		};
		1F5BDF892569A87500D44240 /* Build configuration list for PBXNativeTarget "transportios" */ = {
			isa = XCConfigurationList;
			buildConfigurations = (
				1F5BDF8A2569A87500D44240 /* Debug */,
				1F5BDF8B2569A87500D44240 /* Release */,
			);
			defaultConfigurationIsVisible = 0;
			defaultConfigurationName = Release;
		};
/* End XCConfigurationList section */

/* Begin XCRemoteSwiftPackageReference section */
		1F8ABC362569A9E700351224 /* XCRemoteSwiftPackageReference "apollo-ios" */ = {
			isa = XCRemoteSwiftPackageReference;
			repositoryURL = "https://github.com/apollographql/apollo-ios.git";
			requirement = {
				kind = upToNextMinorVersion;
				minimumVersion = 0.37.0;
			};
		};
		1FCBD1FE256D587A0047DB21 /* XCRemoteSwiftPackageReference "CodeScanner" */ = {
			isa = XCRemoteSwiftPackageReference;
			repositoryURL = "https://github.com/twostraws/CodeScanner";
			requirement = {
				kind = upToNextMajorVersion;
				minimumVersion = 1.0.7;
			};
		};
		1FCBD202256D671A0047DB21 /* XCRemoteSwiftPackageReference "CarBode-Barcode-Scanner-For-SwiftUI" */ = {
			isa = XCRemoteSwiftPackageReference;
			repositoryURL = "https://github.com/heart/CarBode-Barcode-Scanner-For-SwiftUI";
			requirement = {
				branch = 2.1.2;
				kind = branch;
			};
		};
/* End XCRemoteSwiftPackageReference section */

/* Begin XCSwiftPackageProductDependency section */
		1F8ABC372569A9E700351224 /* Apollo */ = {
			isa = XCSwiftPackageProductDependency;
			package = 1F8ABC362569A9E700351224 /* XCRemoteSwiftPackageReference "apollo-ios" */;
			productName = Apollo;
		};
		1FCBD1FF256D587A0047DB21 /* CodeScanner */ = {
			isa = XCSwiftPackageProductDependency;
			package = 1FCBD1FE256D587A0047DB21 /* XCRemoteSwiftPackageReference "CodeScanner" */;
			productName = CodeScanner;
		};
		1FCBD203256D671A0047DB21 /* CarBode */ = {
			isa = XCSwiftPackageProductDependency;
			package = 1FCBD202256D671A0047DB21 /* XCRemoteSwiftPackageReference "CarBode-Barcode-Scanner-For-SwiftUI" */;
			productName = CarBode;
		};
/* End XCSwiftPackageProductDependency section */
	};
	rootObject = 1F5BDF722569A87400D44240 /* Project object */;
}
